// !$*UTF8*$!
{
	archiveVersion = 1;
	classes = {
	};
	objectVersion = 55;
	objects = {

/* Begin PBXBuildFile section */
		973A549A27C1723100B1260D /* AppDelegate.swift in Sources */ = {isa = PBXBuildFile; fileRef = 973A549927C1723100B1260D /* AppDelegate.swift */; };
		973A549C27C1723100B1260D /* SceneDelegate.swift in Sources */ = {isa = PBXBuildFile; fileRef = 973A549B27C1723100B1260D /* SceneDelegate.swift */; };
		973A549E27C1723100B1260D /* ViewController.swift in Sources */ = {isa = PBXBuildFile; fileRef = 973A549D27C1723100B1260D /* ViewController.swift */; };
		973A54A127C1723100B1260D /* Main.storyboard in Resources */ = {isa = PBXBuildFile; fileRef = 973A549F27C1723100B1260D /* Main.storyboard */; };
		973A54A327C1723300B1260D /* Assets.xcassets in Resources */ = {isa = PBXBuildFile; fileRef = 973A54A227C1723300B1260D /* Assets.xcassets */; };
		973A54A627C1723300B1260D /* LaunchScreen.storyboard in Resources */ = {isa = PBXBuildFile; fileRef = 973A54A427C1723300B1260D /* LaunchScreen.storyboard */; };
		973A54B127C1723300B1260D /* TestTests.swift in Sources */ = {isa = PBXBuildFile; fileRef = 973A54B027C1723300B1260D /* TestTests.swift */; };
		973A54BB27C1723300B1260D /* TestUITests.swift in Sources */ = {isa = PBXBuildFile; fileRef = 973A54BA27C1723300B1260D /* TestUITests.swift */; };
		973A54BD27C1723300B1260D /* TestUITestsLaunchTests.swift in Sources */ = {isa = PBXBuildFile; fileRef = 973A54BC27C1723300B1260D /* TestUITestsLaunchTests.swift */; };
		973A54CA27C176C500B1260D /* MathStuff.swift in Sources */ = {isa = PBXBuildFile; fileRef = 973A54C927C176C500B1260D /* MathStuff.swift */; };
/* End PBXBuildFile section */

/* Begin PBXContainerItemProxy section */
		973A54AD27C1723300B1260D /* PBXContainerItemProxy */ = {
			isa = PBXContainerItemProxy;
			containerPortal = 973A548E27C1723100B1260D /* Project object */;
			proxyType = 1;
			remoteGlobalIDString = 973A549527C1723100B1260D;
			remoteInfo = Test;
		};
		973A54B727C1723300B1260D /* PBXContainerItemProxy */ = {
			isa = PBXContainerItemProxy;
			containerPortal = 973A548E27C1723100B1260D /* Project object */;
			proxyType = 1;
			remoteGlobalIDString = 973A549527C1723100B1260D;
			remoteInfo = Test;
		};
/* End PBXContainerItemProxy section */

/* Begin PBXFileReference section */
		973A549627C1723100B1260D /* Test.app */ = {isa = PBXFileReference; explicitFileType = wrapper.application; includeInIndex = 0; path = Test.app; sourceTree = BUILT_PRODUCTS_DIR; };
		973A549927C1723100B1260D /* AppDelegate.swift */ = {isa = PBXFileReference; lastKnownFileType = sourcecode.swift; path = AppDelegate.swift; sourceTree = "<group>"; };
		973A549B27C1723100B1260D /* SceneDelegate.swift */ = {isa = PBXFileReference; lastKnownFileType = sourcecode.swift; path = SceneDelegate.swift; sourceTree = "<group>"; };
		973A549D27C1723100B1260D /* ViewController.swift */ = {isa = PBXFileReference; lastKnownFileType = sourcecode.swift; path = ViewController.swift; sourceTree = "<group>"; };
		973A54A027C1723100B1260D /* Base */ = {isa = PBXFileReference; lastKnownFileType = file.storyboard; name = Base; path = Base.lproj/Main.storyboard; sourceTree = "<group>"; };
		973A54A227C1723300B1260D /* Assets.xcassets */ = {isa = PBXFileReference; lastKnownFileType = folder.assetcatalog; path = Assets.xcassets; sourceTree = "<group>"; };
		973A54A527C1723300B1260D /* Base */ = {isa = PBXFileReference; lastKnownFileType = file.storyboard; name = Base; path = Base.lproj/LaunchScreen.storyboard; sourceTree = "<group>"; };
		973A54A727C1723300B1260D /* Info.plist */ = {isa = PBXFileReference; lastKnownFileType = text.plist.xml; path = Info.plist; sourceTree = "<group>"; };
		973A54AC27C1723300B1260D /* TestTests.xctest */ = {isa = PBXFileReference; explicitFileType = wrapper.cfbundle; includeInIndex = 0; path = TestTests.xctest; sourceTree = BUILT_PRODUCTS_DIR; };
		973A54B027C1723300B1260D /* TestTests.swift */ = {isa = PBXFileReference; lastKnownFileType = sourcecode.swift; path = TestTests.swift; sourceTree = "<group>"; };
		973A54B627C1723300B1260D /* TestUITests.xctest */ = {isa = PBXFileReference; explicitFileType = wrapper.cfbundle; includeInIndex = 0; path = TestUITests.xctest; sourceTree = BUILT_PRODUCTS_DIR; };
		973A54BA27C1723300B1260D /* TestUITests.swift */ = {isa = PBXFileReference; lastKnownFileType = sourcecode.swift; path = TestUITests.swift; sourceTree = "<group>"; };
		973A54BC27C1723300B1260D /* TestUITestsLaunchTests.swift */ = {isa = PBXFileReference; lastKnownFileType = sourcecode.swift; path = TestUITestsLaunchTests.swift; sourceTree = "<group>"; };
		973A54C927C176C500B1260D /* MathStuff.swift */ = {isa = PBXFileReference; lastKnownFileType = sourcecode.swift; path = MathStuff.swift; sourceTree = "<group>"; };
/* End PBXFileReference section */

/* Begin PBXFrameworksBuildPhase section */
		973A549327C1723100B1260D /* Frameworks */ = {
			isa = PBXFrameworksBuildPhase;
			buildActionMask = 2147483647;
			files = (
			);
			runOnlyForDeploymentPostprocessing = 0;
		};
		973A54A927C1723300B1260D /* Frameworks */ = {
			isa = PBXFrameworksBuildPhase;
			buildActionMask = 2147483647;
			files = (
			);
			runOnlyForDeploymentPostprocessing = 0;
		};
		973A54B327C1723300B1260D /* Frameworks */ = {
			isa = PBXFrameworksBuildPhase;
			buildActionMask = 2147483647;
			files = (
			);
			runOnlyForDeploymentPostprocessing = 0;
		};
/* End PBXFrameworksBuildPhase section */

/* Begin PBXGroup section */
		973A548D27C1723100B1260D = {
			isa = PBXGroup;
			children = (
				973A549827C1723100B1260D /* Test */,
				973A54AF27C1723300B1260D /* TestTests */,
				973A54B927C1723300B1260D /* TestUITests */,
				973A549727C1723100B1260D /* Products */,
			);
			sourceTree = "<group>";
		};
		973A549727C1723100B1260D /* Products */ = {
			isa = PBXGroup;
			children = (
				973A549627C1723100B1260D /* Test.app */,
				973A54AC27C1723300B1260D /* TestTests.xctest */,
				973A54B627C1723300B1260D /* TestUITests.xctest */,
			);
			name = Products;
			sourceTree = "<group>";
		};
		973A549827C1723100B1260D /* Test */ = {
			isa = PBXGroup;
			children = (
				973A549927C1723100B1260D /* AppDelegate.swift */,
				973A549B27C1723100B1260D /* SceneDelegate.swift */,
				973A549D27C1723100B1260D /* ViewController.swift */,
				973A549F27C1723100B1260D /* Main.storyboard */,
				973A54A227C1723300B1260D /* Assets.xcassets */,
				973A54A427C1723300B1260D /* LaunchScreen.storyboard */,
				973A54A727C1723300B1260D /* Info.plist */,
				973A54C927C176C500B1260D /* MathStuff.swift */,
			);
			path = Test;
			sourceTree = "<group>";
		};
		973A54AF27C1723300B1260D /* TestTests */ = {
			isa = PBXGroup;
			children = (
				973A54B027C1723300B1260D /* TestTests.swift */,
			);
			path = TestTests;
			sourceTree = "<group>";
		};
		973A54B927C1723300B1260D /* TestUITests */ = {
			isa = PBXGroup;
			children = (
				973A54BA27C1723300B1260D /* TestUITests.swift */,
				973A54BC27C1723300B1260D /* TestUITestsLaunchTests.swift */,
			);
			path = TestUITests;
			sourceTree = "<group>";
		};
/* End PBXGroup section */

/* Begin PBXNativeTarget section */
		973A549527C1723100B1260D /* Test */ = {
			isa = PBXNativeTarget;
			buildConfigurationList = 973A54C027C1723300B1260D /* Build configuration list for PBXNativeTarget "Test" */;
			buildPhases = (
				973A549227C1723100B1260D /* Sources */,
				973A549327C1723100B1260D /* Frameworks */,
				973A549427C1723100B1260D /* Resources */,
			);
			buildRules = (
			);
			dependencies = (
			);
			name = Test;
			productName = Test;
			productReference = 973A549627C1723100B1260D /* Test.app */;
			productType = "com.apple.product-type.application";
		};
		973A54AB27C1723300B1260D /* TestTests */ = {
			isa = PBXNativeTarget;
			buildConfigurationList = 973A54C327C1723300B1260D /* Build configuration list for PBXNativeTarget "TestTests" */;
			buildPhases = (
				973A54A827C1723300B1260D /* Sources */,
				973A54A927C1723300B1260D /* Frameworks */,
				973A54AA27C1723300B1260D /* Resources */,
			);
			buildRules = (
			);
			dependencies = (
				973A54AE27C1723300B1260D /* PBXTargetDependency */,
			);
			name = TestTests;
			productName = TestTests;
			productReference = 973A54AC27C1723300B1260D /* TestTests.xctest */;
			productType = "com.apple.product-type.bundle.unit-test";
		};
		973A54B527C1723300B1260D /* TestUITests */ = {
			isa = PBXNativeTarget;
			buildConfigurationList = 973A54C627C1723300B1260D /* Build configuration list for PBXNativeTarget "TestUITests" */;
			buildPhases = (
				973A54B227C1723300B1260D /* Sources */,
				973A54B327C1723300B1260D /* Frameworks */,
				973A54B427C1723300B1260D /* Resources */,
			);
			buildRules = (
			);
			dependencies = (
				973A54B827C1723300B1260D /* PBXTargetDependency */,
			);
			name = TestUITests;
			productName = TestUITests;
			productReference = 973A54B627C1723300B1260D /* TestUITests.xctest */;
			productType = "com.apple.product-type.bundle.ui-testing";
		};
/* End PBXNativeTarget section */

/* Begin PBXProject section */
		973A548E27C1723100B1260D /* Project object */ = {
			isa = PBXProject;
			attributes = {
				BuildIndependentTargetsInParallel = 1;
				LastSwiftUpdateCheck = 1320;
				LastUpgradeCheck = 1320;
				TargetAttributes = {
					973A549527C1723100B1260D = {
						CreatedOnToolsVersion = 13.2.1;
					};
					973A54AB27C1723300B1260D = {
						CreatedOnToolsVersion = 13.2.1;
						TestTargetID = 973A549527C1723100B1260D;
					};
					973A54B527C1723300B1260D = {
						CreatedOnToolsVersion = 13.2.1;
						TestTargetID = 973A549527C1723100B1260D;
					};
				};
			};
			buildConfigurationList = 973A549127C1723100B1260D /* Build configuration list for PBXProject "Test" */;
			compatibilityVersion = "Xcode 13.0";
			developmentRegion = en;
			hasScannedForEncodings = 0;
			knownRegions = (
				en,
				Base,
			);
			mainGroup = 973A548D27C1723100B1260D;
			productRefGroup = 973A549727C1723100B1260D /* Products */;
			projectDirPath = "";
			projectRoot = "";
			targets = (
				973A549527C1723100B1260D /* Test */,
				973A54AB27C1723300B1260D /* TestTests */,
				973A54B527C1723300B1260D /* TestUITests */,
			);
		};
/* End PBXProject section */

/* Begin PBXResourcesBuildPhase section */
		973A549427C1723100B1260D /* Resources */ = {
			isa = PBXResourcesBuildPhase;
			buildActionMask = 2147483647;
			files = (
				973A54A627C1723300B1260D /* LaunchScreen.storyboard in Resources */,
				973A54A327C1723300B1260D /* Assets.xcassets in Resources */,
				973A54A127C1723100B1260D /* Main.storyboard in Resources */,
			);
			runOnlyForDeploymentPostprocessing = 0;
		};
		973A54AA27C1723300B1260D /* Resources */ = {
			isa = PBXResourcesBuildPhase;
			buildActionMask = 2147483647;
			files = (
			);
			runOnlyForDeploymentPostprocessing = 0;
		};
		973A54B427C1723300B1260D /* Resources */ = {
			isa = PBXResourcesBuildPhase;
			buildActionMask = 2147483647;
			files = (
			);
			runOnlyForDeploymentPostprocessing = 0;
		};
/* End PBXResourcesBuildPhase section */

/* Begin PBXSourcesBuildPhase section */
		973A549227C1723100B1260D /* Sources */ = {
			isa = PBXSourcesBuildPhase;
			buildActionMask = 2147483647;
			files = (
				973A54CA27C176C500B1260D /* MathStuff.swift in Sources */,
				973A549E27C1723100B1260D /* ViewController.swift in Sources */,
				973A549A27C1723100B1260D /* AppDelegate.swift in Sources */,
				973A549C27C1723100B1260D /* SceneDelegate.swift in Sources */,
			);
			runOnlyForDeploymentPostprocessing = 0;
		};
		973A54A827C1723300B1260D /* Sources */ = {
			isa = PBXSourcesBuildPhase;
			buildActionMask = 2147483647;
			files = (
				973A54B127C1723300B1260D /* TestTests.swift in Sources */,
			);
			runOnlyForDeploymentPostprocessing = 0;
		};
		973A54B227C1723300B1260D /* Sources */ = {
			isa = PBXSourcesBuildPhase;
			buildActionMask = 2147483647;
			files = (
				973A54BD27C1723300B1260D /* TestUITestsLaunchTests.swift in Sources */,
				973A54BB27C1723300B1260D /* TestUITests.swift in Sources */,
			);
			runOnlyForDeploymentPostprocessing = 0;
		};
/* End PBXSourcesBuildPhase section */

/* Begin PBXTargetDependency section */
		973A54AE27C1723300B1260D /* PBXTargetDependency */ = {
			isa = PBXTargetDependency;
			target = 973A549527C1723100B1260D /* Test */;
			targetProxy = 973A54AD27C1723300B1260D /* PBXContainerItemProxy */;
		};
		973A54B827C1723300B1260D /* PBXTargetDependency */ = {
			isa = PBXTargetDependency;
			target = 973A549527C1723100B1260D /* Test */;
			targetProxy = 973A54B727C1723300B1260D /* PBXContainerItemProxy */;
		};
/* End PBXTargetDependency section */

/* Begin PBXVariantGroup section */
		973A549F27C1723100B1260D /* Main.storyboard */ = {
			isa = PBXVariantGroup;
			children = (
				973A54A027C1723100B1260D /* Base */,
			);
			name = Main.storyboard;
			sourceTree = "<group>";
		};
		973A54A427C1723300B1260D /* LaunchScreen.storyboard */ = {
			isa = PBXVariantGroup;
			children = (
				973A54A527C1723300B1260D /* Base */,
			);
			name = LaunchScreen.storyboard;
			sourceTree = "<group>";
		};
/* End PBXVariantGroup section */

/* Begin XCBuildConfiguration section */
		973A54BE27C1723300B1260D /* Debug */ = {
			isa = XCBuildConfiguration;
			buildSettings = {
				ALWAYS_SEARCH_USER_PATHS = NO;
				CLANG_ANALYZER_NONNULL = YES;
				CLANG_ANALYZER_NUMBER_OBJECT_CONVERSION = YES_AGGRESSIVE;
				CLANG_CXX_LANGUAGE_STANDARD = "gnu++17";
				CLANG_CXX_LIBRARY = "libc++";
				CLANG_ENABLE_MODULES = YES;
				CLANG_ENABLE_OBJC_ARC = YES;
				CLANG_ENABLE_OBJC_WEAK = YES;
				CLANG_WARN_BLOCK_CAPTURE_AUTORELEASING = YES;
				CLANG_WARN_BOOL_CONVERSION = YES;
				CLANG_WARN_COMMA = YES;
				CLANG_WARN_CONSTANT_CONVERSION = YES;
				CLANG_WARN_DEPRECATED_OBJC_IMPLEMENTATIONS = YES;
				CLANG_WARN_DIRECT_OBJC_ISA_USAGE = YES_ERROR;
				CLANG_WARN_DOCUMENTATION_COMMENTS = YES;
				CLANG_WARN_EMPTY_BODY = YES;
				CLANG_WARN_ENUM_CONVERSION = YES;
				CLANG_WARN_INFINITE_RECURSION = YES;
				CLANG_WARN_INT_CONVERSION = YES;
				CLANG_WARN_NON_LITERAL_NULL_CONVERSION = YES;
				CLANG_WARN_OBJC_IMPLICIT_RETAIN_SELF = YES;
				CLANG_WARN_OBJC_LITERAL_CONVERSION = YES;
				CLANG_WARN_OBJC_ROOT_CLASS = YES_ERROR;
				CLANG_WARN_QUOTED_INCLUDE_IN_FRAMEWORK_HEADER = YES;
				CLANG_WARN_RANGE_LOOP_ANALYSIS = YES;
				CLANG_WARN_STRICT_PROTOTYPES = YES;
				CLANG_WARN_SUSPICIOUS_MOVE = YES;
				CLANG_WARN_UNGUARDED_AVAILABILITY = YES_AGGRESSIVE;
				CLANG_WARN_UNREACHABLE_CODE = YES;
				CLANG_WARN__DUPLICATE_METHOD_MATCH = YES;
				COPY_PHASE_STRIP = NO;
				DEBUG_INFORMATION_FORMAT = dwarf;
				ENABLE_STRICT_OBJC_MSGSEND = YES;
				ENABLE_TESTABILITY = YES;
				GCC_C_LANGUAGE_STANDARD = gnu11;
				GCC_DYNAMIC_NO_PIC = NO;
				GCC_NO_COMMON_BLOCKS = YES;
				GCC_OPTIMIZATION_LEVEL = 0;
				GCC_PREPROCESSOR_DEFINITIONS = (
					"DEBUG=1",
					"$(inherited)",
				);
				GCC_WARN_64_TO_32_BIT_CONVERSION = YES;
				GCC_WARN_ABOUT_RETURN_TYPE = YES_ERROR;
				GCC_WARN_UNDECLARED_SELECTOR = YES;
				GCC_WARN_UNINITIALIZED_AUTOS = YES_AGGRESSIVE;
				GCC_WARN_UNUSED_FUNCTION = YES;
				GCC_WARN_UNUSED_VARIABLE = YES;
				IPHONEOS_DEPLOYMENT_TARGET = 15.2;
				MTL_ENABLE_DEBUG_INFO = INCLUDE_SOURCE;
				MTL_FAST_MATH = YES;
				ONLY_ACTIVE_ARCH = YES;
				SDKROOT = iphoneos;
				SWIFT_ACTIVE_COMPILATION_CONDITIONS = DEBUG;
				SWIFT_OPTIMIZATION_LEVEL = "-Onone";
			};
			name = Debug;
		};
		973A54BF27C1723300B1260D /* Release */ = {
			isa = XCBuildConfiguration;
			buildSettings = {
				ALWAYS_SEARCH_USER_PATHS = NO;
				CLANG_ANALYZER_NONNULL = YES;
				CLANG_ANALYZER_NUMBER_OBJECT_CONVERSION = YES_AGGRESSIVE;
				CLANG_CXX_LANGUAGE_STANDARD = "gnu++17";
				CLANG_CXX_LIBRARY = "libc++";
				CLANG_ENABLE_MODULES = YES;
				CLANG_ENABLE_OBJC_ARC = YES;
				CLANG_ENABLE_OBJC_WEAK = YES;
				CLANG_WARN_BLOCK_CAPTURE_AUTORELEASING = YES;
				CLANG_WARN_BOOL_CONVERSION = YES;
				CLANG_WARN_COMMA = YES;
				CLANG_WARN_CONSTANT_CONVERSION = YES;
				CLANG_WARN_DEPRECATED_OBJC_IMPLEMENTATIONS = YES;
				CLANG_WARN_DIRECT_OBJC_ISA_USAGE = YES_ERROR;
				CLANG_WARN_DOCUMENTATION_COMMENTS = YES;
				CLANG_WARN_EMPTY_BODY = YES;
				CLANG_WARN_ENUM_CONVERSION = YES;
				CLANG_WARN_INFINITE_RECURSION = YES;
				CLANG_WARN_INT_CONVERSION = YES;
				CLANG_WARN_NON_LITERAL_NULL_CONVERSION = YES;
				CLANG_WARN_OBJC_IMPLICIT_RETAIN_SELF = YES;
				CLANG_WARN_OBJC_LITERAL_CONVERSION = YES;
				CLANG_WARN_OBJC_ROOT_CLASS = YES_ERROR;
				CLANG_WARN_QUOTED_INCLUDE_IN_FRAMEWORK_HEADER = YES;
				CLANG_WARN_RANGE_LOOP_ANALYSIS = YES;
				CLANG_WARN_STRICT_PROTOTYPES = YES;
				CLANG_WARN_SUSPICIOUS_MOVE = YES;
				CLANG_WARN_UNGUARDED_AVAILABILITY = YES_AGGRESSIVE;
				CLANG_WARN_UNREACHABLE_CODE = YES;
				CLANG_WARN__DUPLICATE_METHOD_MATCH = YES;
				COPY_PHASE_STRIP = NO;
				DEBUG_INFORMATION_FORMAT = "dwarf-with-dsym";
				ENABLE_NS_ASSERTIONS = NO;
				ENABLE_STRICT_OBJC_MSGSEND = YES;
				GCC_C_LANGUAGE_STANDARD = gnu11;
				GCC_NO_COMMON_BLOCKS = YES;
				GCC_WARN_64_TO_32_BIT_CONVERSION = YES;
				GCC_WARN_ABOUT_RETURN_TYPE = YES_ERROR;
				GCC_WARN_UNDECLARED_SELECTOR = YES;
				GCC_WARN_UNINITIALIZED_AUTOS = YES_AGGRESSIVE;
				GCC_WARN_UNUSED_FUNCTION = YES;
				GCC_WARN_UNUSED_VARIABLE = YES;
				IPHONEOS_DEPLOYMENT_TARGET = 15.2;
				MTL_ENABLE_DEBUG_INFO = NO;
				MTL_FAST_MATH = YES;
				SDKROOT = iphoneos;
				SWIFT_COMPILATION_MODE = wholemodule;
				SWIFT_OPTIMIZATION_LEVEL = "-O";
				VALIDATE_PRODUCT = YES;
			};
			name = Release;
		};
		973A54C127C1723300B1260D /* Debug */ = {
			isa = XCBuildConfiguration;
			buildSettings = {
				ASSETCATALOG_COMPILER_APPICON_NAME = AppIcon;
				ASSETCATALOG_COMPILER_GLOBAL_ACCENT_COLOR_NAME = AccentColor;
				CODE_SIGN_STYLE = Automatic;
				CURRENT_PROJECT_VERSION = 1;
				GENERATE_INFOPLIST_FILE = YES;
				INFOPLIST_FILE = Test/Info.plist;
				INFOPLIST_KEY_UIApplicationSupportsIndirectInputEvents = YES;
				INFOPLIST_KEY_UILaunchStoryboardName = LaunchScreen;
				INFOPLIST_KEY_UIMainStoryboardFile = Main;
				INFOPLIST_KEY_UISupportedInterfaceOrientations_iPad = "UIInterfaceOrientationPortrait UIInterfaceOrientationPortraitUpsideDown UIInterfaceOrientationLandscapeLeft UIInterfaceOrientationLandscapeRight";
				INFOPLIST_KEY_UISupportedInterfaceOrientations_iPhone = "UIInterfaceOrientationPortrait UIInterfaceOrientationLandscapeLeft UIInterfaceOrientationLandscapeRight";
				LD_RUNPATH_SEARCH_PATHS = (
					"$(inherited)",
					"@executable_path/Frameworks",
				);
				MARKETING_VERSION = 1.0;
				PRODUCT_BUNDLE_IDENTIFIER = co.sai.Test;
				PRODUCT_NAME = "$(TARGET_NAME)";
				SWIFT_EMIT_LOC_STRINGS = YES;
				SWIFT_VERSION = 5.0;
				TARGETED_DEVICE_FAMILY = "1,2";
			};
			name = Debug;
		};
		973A54C227C1723300B1260D /* Release */ = {
			isa = XCBuildConfiguration;
			buildSettings = {
				ASSETCATALOG_COMPILER_APPICON_NAME = AppIcon;
				ASSETCATALOG_COMPILER_GLOBAL_ACCENT_COLOR_NAME = AccentColor;
				CODE_SIGN_STYLE = Automatic;
				CURRENT_PROJECT_VERSION = 1;
				GENERATE_INFOPLIST_FILE = YES;
				INFOPLIST_FILE = Test/Info.plist;
				INFOPLIST_KEY_UIApplicationSupportsIndirectInputEvents = YES;
				INFOPLIST_KEY_UILaunchStoryboardName = LaunchScreen;
				INFOPLIST_KEY_UIMainStoryboardFile = Main;
				INFOPLIST_KEY_UISupportedInterfaceOrientations_iPad = "UIInterfaceOrientationPortrait UIInterfaceOrientationPortraitUpsideDown UIInterfaceOrientationLandscapeLeft UIInterfaceOrientationLandscapeRight";
				INFOPLIST_KEY_UISupportedInterfaceOrientations_iPhone = "UIInterfaceOrientationPortrait UIInterfaceOrientationLandscapeLeft UIInterfaceOrientationLandscapeRight";
				LD_RUNPATH_SEARCH_PATHS = (
					"$(inherited)",
					"@executable_path/Frameworks",
				);
				MARKETING_VERSION = 1.0;
				PRODUCT_BUNDLE_IDENTIFIER = co.sai.Test;
				PRODUCT_NAME = "$(TARGET_NAME)";
				SWIFT_EMIT_LOC_STRINGS = YES;
				SWIFT_VERSION = 5.0;
				TARGETED_DEVICE_FAMILY = "1,2";
			};
			name = Release;
		};
		973A54C427C1723300B1260D /* Debug */ = {
			isa = XCBuildConfiguration;
			buildSettings = {
				ALWAYS_EMBED_SWIFT_STANDARD_LIBRARIES = YES;
				BUNDLE_LOADER = "$(TEST_HOST)";
				CODE_SIGN_STYLE = Automatic;
				CURRENT_PROJECT_VERSION = 1;
				GENERATE_INFOPLIST_FILE = YES;
				IPHONEOS_DEPLOYMENT_TARGET = 15.2;
				MARKETING_VERSION = 1.0;
				PRODUCT_BUNDLE_IDENTIFIER = co.sai.TestTests;
				PRODUCT_NAME = "$(TARGET_NAME)";
				SWIFT_EMIT_LOC_STRINGS = NO;
				SWIFT_VERSION = 5.0;
				TARGETED_DEVICE_FAMILY = "1,2";
				TEST_HOST = "$(BUILT_PRODUCTS_DIR)/Test.app/Test";
			};
			name = Debug;
		};
		973A54C527C1723300B1260D /* Release */ = {
			isa = XCBuildConfiguration;
			buildSettings = {
				ALWAYS_EMBED_SWIFT_STANDARD_LIBRARIES = YES;
				BUNDLE_LOADER = "$(TEST_HOST)";
				CODE_SIGN_STYLE = Automatic;
				CURRENT_PROJECT_VERSION = 1;
				GENERATE_INFOPLIST_FILE = YES;
				IPHONEOS_DEPLOYMENT_TARGET = 15.2;
				MARKETING_VERSION = 1.0;
				PRODUCT_BUNDLE_IDENTIFIER = co.sai.TestTests;
				PRODUCT_NAME = "$(TARGET_NAME)";
				SWIFT_EMIT_LOC_STRINGS = NO;
				SWIFT_VERSION = 5.0;
				TARGETED_DEVICE_FAMILY = "1,2";
				TEST_HOST = "$(BUILT_PRODUCTS_DIR)/Test.app/Test";
			};
			name = Release;
		};
		973A54C727C1723300B1260D /* Debug */ = {
			isa = XCBuildConfiguration;
			buildSettings = {
				ALWAYS_EMBED_SWIFT_STANDARD_LIBRARIES = YES;
				CODE_SIGN_STYLE = Automatic;
				CURRENT_PROJECT_VERSION = 1;
				GENERATE_INFOPLIST_FILE = YES;
				MARKETING_VERSION = 1.0;
				PRODUCT_BUNDLE_IDENTIFIER = co.sai.TestUITests;
				PRODUCT_NAME = "$(TARGET_NAME)";
				SWIFT_EMIT_LOC_STRINGS = NO;
				SWIFT_VERSION = 5.0;
				TARGETED_DEVICE_FAMILY = "1,2";
				TEST_TARGET_NAME = Test;
			};
			name = Debug;
		};
		973A54C827C1723300B1260D /* Release */ = {
			isa = XCBuildConfiguration;
			buildSettings = {
				ALWAYS_EMBED_SWIFT_STANDARD_LIBRARIES = YES;
				CODE_SIGN_STYLE = Automatic;
				CURRENT_PROJECT_VERSION = 1;
				GENERATE_INFOPLIST_FILE = YES;
				MARKETING_VERSION = 1.0;
				PRODUCT_BUNDLE_IDENTIFIER = co.sai.TestUITests;
				PRODUCT_NAME = "$(TARGET_NAME)";
				SWIFT_EMIT_LOC_STRINGS = NO;
				SWIFT_VERSION = 5.0;
				TARGETED_DEVICE_FAMILY = "1,2";
				TEST_TARGET_NAME = Test;
			};
			name = Release;
		};
/* End XCBuildConfiguration section */

/* Begin XCConfigurationList section */
		973A549127C1723100B1260D /* Build configuration list for PBXProject "Test" */ = {
			isa = XCConfigurationList;
			buildConfigurations = (
				973A54BE27C1723300B1260D /* Debug */,
				973A54BF27C1723300B1260D /* Release */,
			);
			defaultConfigurationIsVisible = 0;
			defaultConfigurationName = Release;
		};
		973A54C027C1723300B1260D /* Build configuration list for PBXNativeTarget "Test" */ = {
			isa = XCConfigurationList;
			buildConfigurations = (
				973A54C127C1723300B1260D /* Debug */,
				973A54C227C1723300B1260D /* Release */,
			);
			defaultConfigurationIsVisible = 0;
			defaultConfigurationName = Release;
		};
		973A54C327C1723300B1260D /* Build configuration list for PBXNativeTarget "TestTests" */ = {
			isa = XCConfigurationList;
			buildConfigurations = (
				973A54C427C1723300B1260D /* Debug */,
				973A54C527C1723300B1260D /* Release */,
			);
			defaultConfigurationIsVisible = 0;
			defaultConfigurationName = Release;
		};
		973A54C627C1723300B1260D /* Build configuration list for PBXNativeTarget "TestUITests" */ = {
			isa = XCConfigurationList;
			buildConfigurations = (
				973A54C727C1723300B1260D /* Debug */,
				973A54C827C1723300B1260D /* Release */,
			);
			defaultConfigurationIsVisible = 0;
			defaultConfigurationName = Release;
		};
/* End XCConfigurationList section */
	};
	rootObject = 973A548E27C1723100B1260D /* Project object */;
}
